{
  "version": 4,
  "terraform_version": "1.10.5",
  "serial": 9,
  "lineage": "977abf37-80f7-af31-6c11-2debe4d755ce",
  "outputs": {
    "cluster_endpoint": {
      "value": "https://565F41FFB149BF81EB4BDF2C1A0635C8.yl4.us-east-1.eks.amazonaws.com",
      "type": "string"
    },
    "cluster_name": {
      "value": "my-cluster",
      "type": "string"
    }
  },
  "resources": [
    {
      "mode": "managed",
      "type": "aws_eks_cluster",
      "name": "cluster",
      "provider": "provider[\"registry.terraform.io/hashicorp/aws\"]",
      "instances": [
        {
          "schema_version": 1,
          "attributes": {
            "access_config": [
              {
                "authentication_mode": "CONFIG_MAP",
                "bootstrap_cluster_creator_admin_permissions": true
              }
            ],
            "arn": "arn:aws:eks:us-east-1:650251708506:cluster/my-cluster",
            "bootstrap_self_managed_addons": true,
            "certificate_authority": [
              {
                "data": "LS0tLS1CRUdJTiBDRVJUSUZJQ0FURS0tLS0tCk1JSURCVENDQWUyZ0F3SUJBZ0lJSEhFUU9ldDhBcU13RFFZSktvWklodmNOQVFFTEJRQXdGVEVUTUJFR0ExVUUKQXhNS2EzVmlaWEp1WlhSbGN6QWVGdzB5TlRBME1ESXdOalF5TVRaYUZ3MHpOVEF6TXpFd05qUTNNVFphTUJVeApFekFSQmdOVkJBTVRDbXQxWW1WeWJtVjBaWE13Z2dFaU1BMEdDU3FHU0liM0RRRUJBUVVBQTRJQkR3QXdnZ0VLCkFvSUJBUUNzdnhlbjQ0NVRJVHRXU0dvZm9ZVkhhV2JwekNod2k5dEJHYjkwUy9QdmdUYjZKeTNXS0lROGVHRmMKRjhKZE9qK0tZMHNPUjV1SzNLVi8xaHZBSVBGODFZUHZPNjU4UnVnVW1uYkVZTi9HVzFPUDBSNC9UY2MyUW40bApkeXVMTzB0VEduRWxlUElTUTJJYnVqUmtUTko1VGJBTzVKQ05nTUpQbmdEV0RXTDkxcFpaazBycGhrTE84bDc1CkhiQW1nc2lNQjVSNDRXczR5STZlRTVxSjB3VTlLb3FadkFieGdzTDdOR1FTNjAvUmR1dFVQaWEyT0ppb0hNK00KMEFkcnNRSUhzWVJKNVRVMFc2R2M5d2dYdEZlbHhKcGlPa01lL0V3ZjFJeE1LYUQ4Rmw2MVJGZndOWEVmdERrTgpYdlU4bHpqRHcyM0ZQYjNOSUEzUS9mVUptT2R0QWdNQkFBR2pXVEJYTUE0R0ExVWREd0VCL3dRRUF3SUNwREFQCkJnTlZIUk1CQWY4RUJUQURBUUgvTUIwR0ExVWREZ1FXQkJUeXRpc2tQbmNxaGZMaE5XbWEraW1ISmhPN1BqQVYKQmdOVkhSRUVEakFNZ2dwcmRXSmxjbTVsZEdWek1BMEdDU3FHU0liM0RRRUJDd1VBQTRJQkFRQmIrMnNhWkIxdQpyaVFnYzArTGltMzVTSllmc1FETXhWRlEvTkVMM0sxSjR4VmtaR3pLbVBYelo0VTkvUEdlN0twSHZPazIwalRuCkhJc0NCNmRBcHZoZDFZNXp6VWhQT05HUHozT2l3dk9lQ3dkOVhYYjNzbWFENGE0aFJ4aTI1bXd3aGxlS3VuQmIKcjA4bVpiSUpMZ1RXWmFGQVZhbVJFQTcrUEtQclNpbmo3MnBEKytvbFptVnhmZ2V1NHN3bDg1VU9nc2tUU1cwQQpxQWpHMTNxbnlZdWR5Q0l6VXR4d1dmK29pbGtWazhwNk1aZkdCM2w5K2xXZkJUL0VoR1JhK3ZERmd3aEx3OTJBCkgxdEdBVDFrUlZVNmsxYlluKzRvdm9RZXBocGFPbVMvanBHOE5SMHRnWTV3Q2tNS1ZyK1RxSXE0cVROV3hSRFkKMWZyRWxva3g3bHp0Ci0tLS0tRU5EIENFUlRJRklDQVRFLS0tLS0K"
              }
            ],
            "cluster_id": null,
            "compute_config": [],
            "created_at": "2025-04-02T06:42:48Z",
            "enabled_cluster_log_types": null,
            "encryption_config": [],
            "endpoint": "https://565F41FFB149BF81EB4BDF2C1A0635C8.yl4.us-east-1.eks.amazonaws.com",
            "id": "my-cluster",
            "identity": [
              {
                "oidc": [
                  {
                    "issuer": "https://oidc.eks.us-east-1.amazonaws.com/id/565F41FFB149BF81EB4BDF2C1A0635C8"
                  }
                ]
              }
            ],
            "kubernetes_network_config": [
              {
                "elastic_load_balancing": [
                  {
                    "enabled": false
                  }
                ],
                "ip_family": "ipv4",
                "service_ipv4_cidr": "10.100.0.0/16",
                "service_ipv6_cidr": ""
              }
            ],
            "name": "my-cluster",
            "outpost_config": [],
            "platform_version": "eks.6",
            "remote_network_config": [],
            "role_arn": "arn:aws:iam::650251708506:role/cluster-role",
            "status": "ACTIVE",
            "storage_config": [],
            "tags": null,
            "tags_all": {},
            "timeouts": null,
            "upgrade_policy": [
              {
                "support_type": "EXTENDED"
              }
            ],
            "version": "1.32",
            "vpc_config": [
              {
                "cluster_security_group_id": "sg-0953cae465379db06",
                "endpoint_private_access": false,
                "endpoint_public_access": true,
                "public_access_cidrs": [
                  "0.0.0.0/0"
                ],
                "security_group_ids": null,
                "subnet_ids": [
                  "subnet-0394685e7d1d8f619",
                  "subnet-0775ebb58d1935928"
                ],
                "vpc_id": "vpc-094d65a37c95c3936"
              }
            ],
            "zonal_shift_config": []
          },
          "sensitive_attributes": [],
          "private": "eyJlMmJmYjczMC1lY2FhLTExZTYtOGY4OC0zNDM2M2JjN2M0YzAiOnsiY3JlYXRlIjoxODAwMDAwMDAwMDAwLCJkZWxldGUiOjkwMDAwMDAwMDAwMCwidXBkYXRlIjozNjAwMDAwMDAwMDAwfSwic2NoZW1hX3ZlcnNpb24iOiIxIn0=",
          "dependencies": [
            "aws_iam_role.cluster_role",
            "aws_iam_role_policy_attachment.cluster_policy"
          ]
        }
      ]
    },
    {
      "mode": "managed",
      "type": "aws_eks_node_group",
      "name": "node_group",
      "provider": "provider[\"registry.terraform.io/hashicorp/aws\"]",
      "instances": [
        {
          "schema_version": 0,
          "attributes": {
            "ami_type": "AL2023_x86_64_STANDARD",
            "arn": "arn:aws:eks:us-east-1:650251708506:nodegroup/my-cluster/node-group/94cafaa1-c5ad-a432-cd3e-181594a5e278",
            "capacity_type": "ON_DEMAND",
            "cluster_name": "my-cluster",
            "disk_size": 20,
            "force_update_version": null,
            "id": "my-cluster:node-group",
            "instance_types": [
              "t2.micro"
            ],
            "labels": null,
            "launch_template": [],
            "node_group_name": "node-group",
            "node_group_name_prefix": "",
            "node_repair_config": [],
            "node_role_arn": "arn:aws:iam::650251708506:role/single-node-role",
            "release_version": "1.32.1-20250317",
            "remote_access": [],
            "resources": [
              {
                "autoscaling_groups": [
                  {
                    "name": "eks-node-group-94cafaa1-c5ad-a432-cd3e-181594a5e278"
                  }
                ],
                "remote_access_security_group_id": ""
              }
            ],
            "scaling_config": [
              {
                "desired_size": 1,
                "max_size": 1,
                "min_size": 1
              }
            ],
            "status": "ACTIVE",
            "subnet_ids": [
              "subnet-0394685e7d1d8f619",
              "subnet-0775ebb58d1935928"
            ],
            "tags": null,
            "tags_all": {},
            "taint": [],
            "timeouts": null,
            "update_config": [
              {
                "max_unavailable": 1,
                "max_unavailable_percentage": 0
              }
            ],
            "version": "1.32"
          },
          "sensitive_attributes": [],
          "private": "eyJlMmJmYjczMC1lY2FhLTExZTYtOGY4OC0zNDM2M2JjN2M0YzAiOnsiY3JlYXRlIjozNjAwMDAwMDAwMDAwLCJkZWxldGUiOjM2MDAwMDAwMDAwMDAsInVwZGF0ZSI6MzYwMDAwMDAwMDAwMH19",
          "dependencies": [
            "aws_eks_cluster.cluster",
            "aws_iam_role.cluster_role",
            "aws_iam_role.node_role",
            "aws_iam_role_policy_attachment.cluster_policy"
          ]
        }
      ]
    },
    {
      "mode": "managed",
      "type": "aws_iam_role",
      "name": "cluster_role",
      "provider": "provider[\"registry.terraform.io/hashicorp/aws\"]",
      "instances": [
        {
          "schema_version": 0,
          "attributes": {
            "arn": "arn:aws:iam::650251708506:role/cluster-role",
            "assume_role_policy": "{\"Statement\":[{\"Action\":\"sts:AssumeRole\",\"Effect\":\"Allow\",\"Principal\":{\"Service\":\"eks.amazonaws.com\"}}],\"Version\":\"2012-10-17\"}",
            "create_date": "2025-04-02T06:42:43Z",
            "description": "",
            "force_detach_policies": false,
            "id": "cluster-role",
            "inline_policy": [],
            "managed_policy_arns": [],
            "max_session_duration": 3600,
            "name": "cluster-role",
            "name_prefix": "",
            "path": "/",
            "permissions_boundary": "",
            "tags": null,
            "tags_all": {},
            "unique_id": "AROAZOZQFVBNACNM37CXL"
          },
          "sensitive_attributes": [],
          "private": "bnVsbA=="
        }
      ]
    },
    {
      "mode": "managed",
      "type": "aws_iam_role",
      "name": "node_role",
      "provider": "provider[\"registry.terraform.io/hashicorp/aws\"]",
      "instances": [
        {
          "schema_version": 0,
          "attributes": {
            "arn": "arn:aws:iam::650251708506:role/single-node-role",
            "assume_role_policy": "{\"Statement\":[{\"Action\":\"sts:AssumeRole\",\"Effect\":\"Allow\",\"Principal\":{\"Service\":\"ec2.amazonaws.com\"}}],\"Version\":\"2012-10-17\"}",
            "create_date": "2025-04-02T06:42:43Z",
            "description": "",
            "force_detach_policies": false,
            "id": "single-node-role",
            "inline_policy": [],
            "managed_policy_arns": [],
            "max_session_duration": 3600,
            "name": "single-node-role",
            "name_prefix": "",
            "path": "/",
            "permissions_boundary": "",
            "tags": null,
            "tags_all": {},
            "unique_id": "AROAZOZQFVBNPYBQXBMLR"
          },
          "sensitive_attributes": [],
          "private": "bnVsbA=="
        }
      ]
    },
    {
      "mode": "managed",
      "type": "aws_iam_role_policy_attachment",
      "name": "cluster_policy",
      "provider": "provider[\"registry.terraform.io/hashicorp/aws\"]",
      "instances": [
        {
          "schema_version": 0,
          "attributes": {
            "id": "cluster-role-20250402064243823000000001",
            "policy_arn": "arn:aws:iam::aws:policy/AmazonEKSClusterPolicy",
            "role": "cluster-role"
          },
          "sensitive_attributes": [],
          "private": "bnVsbA==",
          "dependencies": [
            "aws_iam_role.cluster_role"
          ]
        }
      ]
    },
    {
      "mode": "managed",
      "type": "aws_iam_role_policy_attachment",
      "name": "cni_policy",
      "provider": "provider[\"registry.terraform.io/hashicorp/aws\"]",
      "instances": [
        {
          "schema_version": 0,
          "attributes": {
            "id": "single-node-role-20250402064244098900000003",
            "policy_arn": "arn:aws:iam::aws:policy/AmazonEKS_CNI_Policy",
            "role": "single-node-role"
          },
          "sensitive_attributes": [],
          "private": "bnVsbA==",
          "dependencies": [
            "aws_iam_role.node_role"
          ]
        }
      ]
    },
    {
      "mode": "managed",
      "type": "aws_iam_role_policy_attachment",
      "name": "registry_policy",
      "provider": "provider[\"registry.terraform.io/hashicorp/aws\"]",
      "instances": [
        {
          "schema_version": 0,
          "attributes": {
            "id": "single-node-role-20250402064243831500000002",
            "policy_arn": "arn:aws:iam::aws:policy/AmazonEC2ContainerRegistryReadOnly",
            "role": "single-node-role"
          },
          "sensitive_attributes": [],
          "private": "bnVsbA==",
          "dependencies": [
            "aws_iam_role.node_role"
          ]
        }
      ]
    },
    {
      "mode": "managed",
      "type": "aws_iam_role_policy_attachment",
      "name": "worker_node_policy",
      "provider": "provider[\"registry.terraform.io/hashicorp/aws\"]",
      "instances": [
        {
          "schema_version": 0,
          "attributes": {
            "id": "single-node-role-20250402064244107100000004",
            "policy_arn": "arn:aws:iam::aws:policy/AmazonEKSWorkerNodePolicy",
            "role": "single-node-role"
          },
          "sensitive_attributes": [],
          "private": "bnVsbA==",
          "dependencies": [
            "aws_iam_role.node_role"
          ]
        }
      ]
    }
  ],
  "check_results": null
}
